
Microsoft Visual Studio Solution File, Format Version 12.00
# Visual Studio 15
VisualStudioVersion = 15.0.28307.489
MinimumVisualStudioVersion = 10.0.40219.1
Project("{8BC9CEB8-8B4A-11D0-8D11-00A0C91BC942}") = "Project3", "Project3.vcxproj", "{92B1D7A3-A2E7-4E2B-858A-216B8FC39CD9}"
EndProject
Global
	GlobalSection(SolutionConfigurationPlatforms) = preSolution
		Debug|x64 = Debug|x64
		Debug|x86 = Debug|x86
		Release|x64 = Release|x64
		Release|x86 = Release|x86
	EndGlobalSection
	GlobalSection(ProjectConfigurationPlatforms) = postSolution
		{92B1D7A3-A2E7-4E2B-858A-216B8FC39CD9}.Debug|x64.ActiveCfg = Debug|x64
		{92B1D7A3-A2E7-4E2B-858A-216B8FC39CD9}.Debug|x64.Build.0 = Debug|x64
		{92B1D7A3-A2E7-4E2B-858A-216B8FC39CD9}.Debug|x86.ActiveCfg = Debug|Win32
		{92B1D7A3-A2E7-4E2B-858A-216B8FC39CD9}.Debug|x86.Build.0 = Debug|Win32
		{92B1D7A3-A2E7-4E2B-858A-216B8FC39CD9}.Release|x64.ActiveCfg = Release|x64
		{92B1D7A3-A2E7-4E2B-858A-216B8FC39CD9}.Release|x64.Build.0 = Release|x64
		{92B1D7A3-A2E7-4E2B-858A-216B8FC39CD9}.Release|x86.ActiveCfg = Release|Win32
		{92B1D7A3-A2E7-4E2B-858A-216B8FC39CD9}.Release|x86.Build.0 = Release|Win32
	EndGlobalSection
	GlobalSection(SolutionProperties) = preSolution
		HideSolutionNode = FALSE
	EndGlobalSection
	GlobalSection(ExtensibilityGlobals) = postSolution
		SolutionGuid = {42813437-EBA8-4278-B6FC-DB93D813D1FE}
	EndGlobalSection
EndGlobal
